// !$*UTF8*$!
{
	archiveVersion = 1;
	classes = {
	};
	objectVersion = 56;
	objects = {

/* Begin PBXBuildFile section */
		6CB43ABC2A4DF4AD001C8A29 /* main.cpp in Sources */ = {isa = PBXBuildFile; fileRef = 6CB43ABB2A4DF4AD001C8A29 /* main.cpp */; };
		6CB43AC52A4DF658001C8A29 /* Robot.cpp in Sources */ = {isa = PBXBuildFile; fileRef = 6CB43AC32A4DF658001C8A29 /* Robot.cpp */; };
		6CB43AC82A4DF7FE001C8A29 /* Arena.cpp in Sources */ = {isa = PBXBuildFile; fileRef = 6CB43AC72A4DF7FE001C8A29 /* Arena.cpp */; };
		6CB43ACC2A4DFF42001C8A29 /* Player.cpp in Sources */ = {isa = PBXBuildFile; fileRef = 6CB43ACA2A4DFF42001C8A29 /* Player.cpp */; };
		6CB43AD12A4E0512001C8A29 /* Game.cpp in Sources */ = {isa = PBXBuildFile; fileRef = 6CB43ACF2A4E0512001C8A29 /* Game.cpp */; };
		6CB43AD52A4E7947001C8A29 /* utilities.cpp in Sources */ = {isa = PBXBuildFile; fileRef = 6CB43AD32A4E7947001C8A29 /* utilities.cpp */; };
		6CB43AEC2A4F4EA3001C8A29 /* Previous.cpp in Sources */ = {isa = PBXBuildFile; fileRef = 6CB43AEA2A4F4EA3001C8A29 /* Previous.cpp */; };
/* End PBXBuildFile section */

/* Begin PBXCopyFilesBuildPhase section */
		6CB43AB62A4DF4AD001C8A29 /* CopyFiles */ = {
			isa = PBXCopyFilesBuildPhase;
			buildActionMask = 2147483647;
			dstPath = /usr/share/man/man1/;
			dstSubfolderSpec = 0;
			files = (
			);
			runOnlyForDeploymentPostprocessing = 1;
		};
/* End PBXCopyFilesBuildPhase section */

/* Begin PBXFileReference section */
		6CB43AB82A4DF4AD001C8A29 /* CS 32 Project 1 */ = {isa = PBXFileReference; explicitFileType = "compiled.mach-o.executable"; includeInIndex = 0; path = "CS 32 Project 1"; sourceTree = BUILT_PRODUCTS_DIR; };
		6CB43ABB2A4DF4AD001C8A29 /* main.cpp */ = {isa = PBXFileReference; lastKnownFileType = sourcecode.cpp.cpp; path = main.cpp; sourceTree = "<group>"; };
		6CB43AC22A4DF554001C8A29 /* Robot.h */ = {isa = PBXFileReference; lastKnownFileType = sourcecode.c.h; path = Robot.h; sourceTree = "<group>"; };
		6CB43AC32A4DF658001C8A29 /* Robot.cpp */ = {isa = PBXFileReference; lastKnownFileType = sourcecode.cpp.cpp; path = Robot.cpp; sourceTree = "<group>"; };
		6CB43AC62A4DF7C1001C8A29 /* Arena.h */ = {isa = PBXFileReference; lastKnownFileType = sourcecode.c.h; path = Arena.h; sourceTree = "<group>"; };
		6CB43AC72A4DF7FE001C8A29 /* Arena.cpp */ = {isa = PBXFileReference; lastKnownFileType = sourcecode.cpp.cpp; path = Arena.cpp; sourceTree = "<group>"; };
		6CB43AC92A4DFF07001C8A29 /* Player.h */ = {isa = PBXFileReference; lastKnownFileType = sourcecode.c.h; path = Player.h; sourceTree = "<group>"; };
		6CB43ACA2A4DFF42001C8A29 /* Player.cpp */ = {isa = PBXFileReference; lastKnownFileType = sourcecode.cpp.cpp; path = Player.cpp; sourceTree = "<group>"; };
		6CB43ACE2A4E04AB001C8A29 /* Game.h */ = {isa = PBXFileReference; lastKnownFileType = sourcecode.c.h; path = Game.h; sourceTree = "<group>"; };
		6CB43ACF2A4E0512001C8A29 /* Game.cpp */ = {isa = PBXFileReference; lastKnownFileType = sourcecode.cpp.cpp; path = Game.cpp; sourceTree = "<group>"; };
		6CB43AD22A4E78EA001C8A29 /* globals.h */ = {isa = PBXFileReference; lastKnownFileType = sourcecode.c.h; path = globals.h; sourceTree = "<group>"; };
		6CB43AD32A4E7947001C8A29 /* utilities.cpp */ = {isa = PBXFileReference; lastKnownFileType = sourcecode.cpp.cpp; path = utilities.cpp; sourceTree = "<group>"; };
		6CB43AE92A4F4E5F001C8A29 /* Previous.h */ = {isa = PBXFileReference; lastKnownFileType = sourcecode.c.h; path = Previous.h; sourceTree = "<group>"; };
		6CB43AEA2A4F4EA3001C8A29 /* Previous.cpp */ = {isa = PBXFileReference; lastKnownFileType = sourcecode.cpp.cpp; path = Previous.cpp; sourceTree = "<group>"; };
/* End PBXFileReference section */

/* Begin PBXFrameworksBuildPhase section */
		6CB43AB52A4DF4AD001C8A29 /* Frameworks */ = {
			isa = PBXFrameworksBuildPhase;
			buildActionMask = 2147483647;
			files = (
			);
			runOnlyForDeploymentPostprocessing = 0;
		};
/* End PBXFrameworksBuildPhase section */

/* Begin PBXGroup section */
		6CB43AAF2A4DF4AD001C8A29 = {
			isa = PBXGroup;
			children = (
				6CB43ABA2A4DF4AD001C8A29 /* CS 32 Project 1 */,
				6CB43AB92A4DF4AD001C8A29 /* Products */,
			);
			sourceTree = "<group>";
		};
		6CB43AB92A4DF4AD001C8A29 /* Products */ = {
			isa = PBXGroup;
			children = (
				6CB43AB82A4DF4AD001C8A29 /* CS 32 Project 1 */,
			);
			name = Products;
			sourceTree = "<group>";
		};
		6CB43ABA2A4DF4AD001C8A29 /* CS 32 Project 1 */ = {
			isa = PBXGroup;
			children = (
				6CB43ABB2A4DF4AD001C8A29 /* main.cpp */,
				6CB43AC22A4DF554001C8A29 /* Robot.h */,
				6CB43AC32A4DF658001C8A29 /* Robot.cpp */,
				6CB43AC92A4DFF07001C8A29 /* Player.h */,
				6CB43ACA2A4DFF42001C8A29 /* Player.cpp */,
				6CB43AC62A4DF7C1001C8A29 /* Arena.h */,
				6CB43AC72A4DF7FE001C8A29 /* Arena.cpp */,
				6CB43ACE2A4E04AB001C8A29 /* Game.h */,
				6CB43ACF2A4E0512001C8A29 /* Game.cpp */,
				6CB43AD22A4E78EA001C8A29 /* globals.h */,
				6CB43AD32A4E7947001C8A29 /* utilities.cpp */,
				6CB43AE92A4F4E5F001C8A29 /* Previous.h */,
				6CB43AEA2A4F4EA3001C8A29 /* Previous.cpp */,
			);
			path = "CS 32 Project 1";
			sourceTree = "<group>";
		};
/* End PBXGroup section */

/* Begin PBXNativeTarget section */
		6CB43AB72A4DF4AD001C8A29 /* CS 32 Project 1 */ = {
			isa = PBXNativeTarget;
			buildConfigurationList = 6CB43ABF2A4DF4AD001C8A29 /* Build configuration list for PBXNativeTarget "CS 32 Project 1" */;
			buildPhases = (
				6CB43AB42A4DF4AD001C8A29 /* Sources */,
				6CB43AB52A4DF4AD001C8A29 /* Frameworks */,
				6CB43AB62A4DF4AD001C8A29 /* CopyFiles */,
			);
			buildRules = (
			);
			dependencies = (
			);
			name = "CS 32 Project 1";
			productName = "CS 32 Project 1";
			productReference = 6CB43AB82A4DF4AD001C8A29 /* CS 32 Project 1 */;
			productType = "com.apple.product-type.tool";
		};
/* End PBXNativeTarget section */

/* Begin PBXProject section */
		6CB43AB02A4DF4AD001C8A29 /* Project object */ = {
			isa = PBXProject;
			attributes = {
				BuildIndependentTargetsInParallel = 1;
				LastUpgradeCheck = 1420;
				TargetAttributes = {
					6CB43AB72A4DF4AD001C8A29 = {
						CreatedOnToolsVersion = 14.2;
					};
				};
			};
			buildConfigurationList = 6CB43AB32A4DF4AD001C8A29 /* Build configuration list for PBXProject "CS 32 Project 1" */;
			compatibilityVersion = "Xcode 14.0";
			developmentRegion = en;
			hasScannedForEncodings = 0;
			knownRegions = (
				en,
				Base,
			);
			mainGroup = 6CB43AAF2A4DF4AD001C8A29;
			productRefGroup = 6CB43AB92A4DF4AD001C8A29 /* Products */;
			projectDirPath = "";
			projectRoot = "";
			targets = (
				6CB43AB72A4DF4AD001C8A29 /* CS 32 Project 1 */,
			);
		};
/* End PBXProject section */

/* Begin PBXSourcesBuildPhase section */
		6CB43AB42A4DF4AD001C8A29 /* Sources */ = {
			isa = PBXSourcesBuildPhase;
			buildActionMask = 2147483647;
			files = (
				6CB43AD52A4E7947001C8A29 /* utilities.cpp in Sources */,
				6CB43AEC2A4F4EA3001C8A29 /* Previous.cpp in Sources */,
				6CB43ACC2A4DFF42001C8A29 /* Player.cpp in Sources */,
				6CB43AC52A4DF658001C8A29 /* Robot.cpp in Sources */,
				6CB43ABC2A4DF4AD001C8A29 /* main.cpp in Sources */,
				6CB43AC82A4DF7FE001C8A29 /* Arena.cpp in Sources */,
				6CB43AD12A4E0512001C8A29 /* Game.cpp in Sources */,
			);
			runOnlyForDeploymentPostprocessing = 0;
		};
/* End PBXSourcesBuildPhase section */

/* Begin XCBuildConfiguration section */
		6CB43ABD2A4DF4AD001C8A29 /* Debug */ = {
			isa = XCBuildConfiguration;
			buildSettings = {
				ALWAYS_SEARCH_USER_PATHS = NO;
				CLANG_ANALYZER_NONNULL = YES;
				CLANG_ANALYZER_NUMBER_OBJECT_CONVERSION = YES_AGGRESSIVE;
				CLANG_CXX_LANGUAGE_STANDARD = "gnu++20";
				CLANG_ENABLE_MODULES = YES;
				CLANG_ENABLE_OBJC_ARC = YES;
				CLANG_ENABLE_OBJC_WEAK = YES;
				CLANG_WARN_BLOCK_CAPTURE_AUTORELEASING = YES;
				CLANG_WARN_BOOL_CONVERSION = YES;
				CLANG_WARN_COMMA = YES;
				CLANG_WARN_CONSTANT_CONVERSION = YES;
				CLANG_WARN_DEPRECATED_OBJC_IMPLEMENTATIONS = YES;
				CLANG_WARN_DIRECT_OBJC_ISA_USAGE = YES_ERROR;
				CLANG_WARN_DOCUMENTATION_COMMENTS = YES;
				CLANG_WARN_EMPTY_BODY = YES;
				CLANG_WARN_ENUM_CONVERSION = YES;
				CLANG_WARN_INFINITE_RECURSION = YES;
				CLANG_WARN_INT_CONVERSION = YES;
				CLANG_WARN_NON_LITERAL_NULL_CONVERSION = YES;
				CLANG_WARN_OBJC_IMPLICIT_RETAIN_SELF = YES;
				CLANG_WARN_OBJC_LITERAL_CONVERSION = YES;
				CLANG_WARN_OBJC_ROOT_CLASS = YES_ERROR;
				CLANG_WARN_QUOTED_INCLUDE_IN_FRAMEWORK_HEADER = YES;
				CLANG_WARN_RANGE_LOOP_ANALYSIS = YES;
				CLANG_WARN_STRICT_PROTOTYPES = YES;
				CLANG_WARN_SUSPICIOUS_MOVE = YES;
				CLANG_WARN_UNGUARDED_AVAILABILITY = YES_AGGRESSIVE;
				CLANG_WARN_UNREACHABLE_CODE = YES;
				CLANG_WARN__DUPLICATE_METHOD_MATCH = YES;
				COPY_PHASE_STRIP = NO;
				DEBUG_INFORMATION_FORMAT = dwarf;
				ENABLE_STRICT_OBJC_MSGSEND = YES;
				ENABLE_TESTABILITY = YES;
				GCC_C_LANGUAGE_STANDARD = gnu11;
				GCC_DYNAMIC_NO_PIC = NO;
				GCC_NO_COMMON_BLOCKS = YES;
				GCC_OPTIMIZATION_LEVEL = 0;
				GCC_PREPROCESSOR_DEFINITIONS = (
					"DEBUG=1",
					"$(inherited)",
				);
				GCC_WARN_64_TO_32_BIT_CONVERSION = YES;
				GCC_WARN_ABOUT_RETURN_TYPE = YES_ERROR;
				GCC_WARN_UNDECLARED_SELECTOR = YES;
				GCC_WARN_UNINITIALIZED_AUTOS = YES_AGGRESSIVE;
				GCC_WARN_UNUSED_FUNCTION = YES;
				GCC_WARN_UNUSED_VARIABLE = YES;
				MACOSX_DEPLOYMENT_TARGET = 12.5;
				MTL_ENABLE_DEBUG_INFO = INCLUDE_SOURCE;
				MTL_FAST_MATH = YES;
				ONLY_ACTIVE_ARCH = YES;
				SDKROOT = macosx;
			};
			name = Debug;
		};
		6CB43ABE2A4DF4AD001C8A29 /* Release */ = {
			isa = XCBuildConfiguration;
			buildSettings = {
				ALWAYS_SEARCH_USER_PATHS = NO;
				CLANG_ANALYZER_NONNULL = YES;
				CLANG_ANALYZER_NUMBER_OBJECT_CONVERSION = YES_AGGRESSIVE;
				CLANG_CXX_LANGUAGE_STANDARD = "gnu++20";
				CLANG_ENABLE_MODULES = YES;
				CLANG_ENABLE_OBJC_ARC = YES;
				CLANG_ENABLE_OBJC_WEAK = YES;
				CLANG_WARN_BLOCK_CAPTURE_AUTORELEASING = YES;
				CLANG_WARN_BOOL_CONVERSION = YES;
				CLANG_WARN_COMMA = YES;
				CLANG_WARN_CONSTANT_CONVERSION = YES;
				CLANG_WARN_DEPRECATED_OBJC_IMPLEMENTATIONS = YES;
				CLANG_WARN_DIRECT_OBJC_ISA_USAGE = YES_ERROR;
				CLANG_WARN_DOCUMENTATION_COMMENTS = YES;
				CLANG_WARN_EMPTY_BODY = YES;
				CLANG_WARN_ENUM_CONVERSION = YES;
				CLANG_WARN_INFINITE_RECURSION = YES;
				CLANG_WARN_INT_CONVERSION = YES;
				CLANG_WARN_NON_LITERAL_NULL_CONVERSION = YES;
				CLANG_WARN_OBJC_IMPLICIT_RETAIN_SELF = YES;
				CLANG_WARN_OBJC_LITERAL_CONVERSION = YES;
				CLANG_WARN_OBJC_ROOT_CLASS = YES_ERROR;
				CLANG_WARN_QUOTED_INCLUDE_IN_FRAMEWORK_HEADER = YES;
				CLANG_WARN_RANGE_LOOP_ANALYSIS = YES;
				CLANG_WARN_STRICT_PROTOTYPES = YES;
				CLANG_WARN_SUSPICIOUS_MOVE = YES;
				CLANG_WARN_UNGUARDED_AVAILABILITY = YES_AGGRESSIVE;
				CLANG_WARN_UNREACHABLE_CODE = YES;
				CLANG_WARN__DUPLICATE_METHOD_MATCH = YES;
				COPY_PHASE_STRIP = NO;
				DEBUG_INFORMATION_FORMAT = "dwarf-with-dsym";
				ENABLE_NS_ASSERTIONS = NO;
				ENABLE_STRICT_OBJC_MSGSEND = YES;
				GCC_C_LANGUAGE_STANDARD = gnu11;
				GCC_NO_COMMON_BLOCKS = YES;
				GCC_WARN_64_TO_32_BIT_CONVERSION = YES;
				GCC_WARN_ABOUT_RETURN_TYPE = YES_ERROR;
				GCC_WARN_UNDECLARED_SELECTOR = YES;
				GCC_WARN_UNINITIALIZED_AUTOS = YES_AGGRESSIVE;
				GCC_WARN_UNUSED_FUNCTION = YES;
				GCC_WARN_UNUSED_VARIABLE = YES;
				MACOSX_DEPLOYMENT_TARGET = 12.5;
				MTL_ENABLE_DEBUG_INFO = NO;
				MTL_FAST_MATH = YES;
				SDKROOT = macosx;
			};
			name = Release;
		};
		6CB43AC02A4DF4AD001C8A29 /* Debug */ = {
			isa = XCBuildConfiguration;
			buildSettings = {
				CODE_SIGN_STYLE = Automatic;
				PRODUCT_NAME = "$(TARGET_NAME)";
			};
			name = Debug;
		};
		6CB43AC12A4DF4AD001C8A29 /* Release */ = {
			isa = XCBuildConfiguration;
			buildSettings = {
				CODE_SIGN_STYLE = Automatic;
				PRODUCT_NAME = "$(TARGET_NAME)";
			};
			name = Release;
		};
/* End XCBuildConfiguration section */

/* Begin XCConfigurationList section */
		6CB43AB32A4DF4AD001C8A29 /* Build configuration list for PBXProject "CS 32 Project 1" */ = {
			isa = XCConfigurationList;
			buildConfigurations = (
				6CB43ABD2A4DF4AD001C8A29 /* Debug */,
				6CB43ABE2A4DF4AD001C8A29 /* Release */,
			);
			defaultConfigurationIsVisible = 0;
			defaultConfigurationName = Release;
		};
		6CB43ABF2A4DF4AD001C8A29 /* Build configuration list for PBXNativeTarget "CS 32 Project 1" */ = {
			isa = XCConfigurationList;
			buildConfigurations = (
				6CB43AC02A4DF4AD001C8A29 /* Debug */,
				6CB43AC12A4DF4AD001C8A29 /* Release */,
			);
			defaultConfigurationIsVisible = 0;
			defaultConfigurationName = Release;
		};
/* End XCConfigurationList section */
	};
	rootObject = 6CB43AB02A4DF4AD001C8A29 /* Project object */;
}
